
Microsoft Visual Studio Solution File, Format Version 12.00
# Visual Studio Version 17
VisualStudioVersion = 17.13.35825.156
MinimumVisualStudioVersion = 10.0.40219.1
Project("{FAE04EC0-301F-11D3-BF4B-00C04F79EFBC}") = "SMSFunctionApp", "SecretManagementService\SMSFunctionApp.csproj", "{73FF063F-8053-4C7E-9F56-46F07B01745B}"
EndProject
Project("{FAE04EC0-301F-11D3-BF4B-00C04F79EFBC}") = "Db", "Db\Db.csproj", "{7424BFA2-4A6E-4B8C-9A13-7F1C299AC62E}"
EndProject
Project("{FAE04EC0-301F-11D3-BF4B-00C04F79EFBC}") = "SharedResources", "SharedResources\SharedResources.csproj", "{2F09DBD1-BA6F-44FB-A41B-37BE1E932201}"
EndProject
Project("{FAE04EC0-301F-11D3-BF4B-00C04F79EFBC}") = "SMSAPI", "SMSAPI\SMSAPI.csproj", "{63A520F4-C705-45B5-8437-DB11B34FFC8D}"
EndProject
Global
	GlobalSection(SolutionConfigurationPlatforms) = preSolution
		Debug|Any CPU = Debug|Any CPU
		Release|Any CPU = Release|Any CPU
	EndGlobalSection
	GlobalSection(ProjectConfigurationPlatforms) = postSolution
		{73FF063F-8053-4C7E-9F56-46F07B01745B}.Debug|Any CPU.ActiveCfg = Debug|Any CPU
		{73FF063F-8053-4C7E-9F56-46F07B01745B}.Debug|Any CPU.Build.0 = Debug|Any CPU
		{73FF063F-8053-4C7E-9F56-46F07B01745B}.Release|Any CPU.ActiveCfg = Release|Any CPU
		{73FF063F-8053-4C7E-9F56-46F07B01745B}.Release|Any CPU.Build.0 = Release|Any CPU
		{7424BFA2-4A6E-4B8C-9A13-7F1C299AC62E}.Debug|Any CPU.ActiveCfg = Debug|Any CPU
		{7424BFA2-4A6E-4B8C-9A13-7F1C299AC62E}.Debug|Any CPU.Build.0 = Debug|Any CPU
		{7424BFA2-4A6E-4B8C-9A13-7F1C299AC62E}.Release|Any CPU.ActiveCfg = Release|Any CPU
		{7424BFA2-4A6E-4B8C-9A13-7F1C299AC62E}.Release|Any CPU.Build.0 = Release|Any CPU
		{2F09DBD1-BA6F-44FB-A41B-37BE1E932201}.Debug|Any CPU.ActiveCfg = Debug|Any CPU
		{2F09DBD1-BA6F-44FB-A41B-37BE1E932201}.Debug|Any CPU.Build.0 = Debug|Any CPU
		{2F09DBD1-BA6F-44FB-A41B-37BE1E932201}.Release|Any CPU.ActiveCfg = Release|Any CPU
		{2F09DBD1-BA6F-44FB-A41B-37BE1E932201}.Release|Any CPU.Build.0 = Release|Any CPU
		{63A520F4-C705-45B5-8437-DB11B34FFC8D}.Debug|Any CPU.ActiveCfg = Debug|Any CPU
		{63A520F4-C705-45B5-8437-DB11B34FFC8D}.Debug|Any CPU.Build.0 = Debug|Any CPU
		{63A520F4-C705-45B5-8437-DB11B34FFC8D}.Release|Any CPU.ActiveCfg = Release|Any CPU
		{63A520F4-C705-45B5-8437-DB11B34FFC8D}.Release|Any CPU.Build.0 = Release|Any CPU
	EndGlobalSection
	GlobalSection(SolutionProperties) = preSolution
		HideSolutionNode = FALSE
	EndGlobalSection
	GlobalSection(ExtensibilityGlobals) = postSolution
		SolutionGuid = {145B57DC-55A5-4C0F-B1D6-64C53E164222}
	EndGlobalSection
EndGlobal
